
Microsoft Visual Studio Solution File, Format Version 11.00
# Visual Studio 2010
Project("{2150E333-8FDC-42A3-9474-1A3956D46DE8}") = "Core", "Core", "{CE5F9511-0CF9-4CED-85D8-998220965F3B}"
EndProject
Project("{FAE04EC0-301F-11D3-BF4B-00C04F79EFBC}") = "WebSite", "WebSite\WebSite.csproj", "{73EC10DB-137C-4699-8D54-B979204C70B9}"
EndProject
Project("{2150E333-8FDC-42A3-9474-1A3956D46DE8}") = "YDC", "YDC", "{2D996C0D-370B-47AC-8BE2-22F9BEDC52AB}"
EndProject
Project("{FAE04EC0-301F-11D3-BF4B-00C04F79EFBC}") = "UniCommon", "src\Core\UniCommon\UniCommon.csproj", "{DE56302C-23D6-4ED5-A7EE-A8E7A0B0F81E}"
EndProject
Project("{FAE04EC0-301F-11D3-BF4B-00C04F79EFBC}") = "UniDatabase", "src\Core\UniDatabase\UniDatabase.csproj", "{A478F54C-D0C5-472B-A6D1-F6DF4268B31B}"
EndProject
Project("{2150E333-8FDC-42A3-9474-1A3956D46DE8}") = "Web", "Web", "{71DF7C53-3EE3-4FEA-9F96-E2511C1CB7DC}"
EndProject
Project("{FAE04EC0-301F-11D3-BF4B-00C04F79EFBC}") = "UniDllManager", "src\YDC\Web\UniDllManager\UniDllManager.csproj", "{2F8F24B1-390E-4A68-9E05-959E4F108279}"
EndProject
Project("{FAE04EC0-301F-11D3-BF4B-00C04F79EFBC}") = "UniDllSite", "src\YDC\Web\UniDllSite\UniDllSite.csproj", "{3FBE5A1C-7DAB-483B-9B94-A8CD209CDEDB}"
EndProject
Project("{FAE04EC0-301F-11D3-BF4B-00C04F79EFBC}") = "WebManager", "WebManager\WebManager.csproj", "{FBB35B50-EA9C-4CA6-A4C3-BA11019DB51D}"
EndProject
Project("{FAE04EC0-301F-11D3-BF4B-00C04F79EFBC}") = "WebMenu(SuZhou)", "WebMenu\WebMenu(SuZhou).csproj", "{5E9B2E18-DD9C-49B1-8FFC-D5A6A81140B1}"
	ProjectSection(ProjectDependencies) = postProject
		{7B8E650D-9ADE-4406-BCC3-206771B63408} = {7B8E650D-9ADE-4406-BCC3-206771B63408}
	EndProjectSection
EndProject
Project("{FAE04EC0-301F-11D3-BF4B-00C04F79EFBC}") = "UniDllMenu", "src\YDC\Web\UniDllMenu\UniDllMenu.csproj", "{6EFD7D0A-8FFC-4FA9-B433-EF1AD544CFB3}"
EndProject
Project("{FAE04EC0-301F-11D3-BF4B-00C04F79EFBC}") = "UniUrlRewrite", "src\Core\UniUrlRewrite\UniUrlRewrite.csproj", "{7B8E650D-9ADE-4406-BCC3-206771B63408}"
EndProject
Project("{2150E333-8FDC-42A3-9474-1A3956D46DE8}") = "Dao", "Dao", "{0C786AEF-2C18-4FFC-B976-D972E9DA75EA}"
EndProject
Project("{FAE04EC0-301F-11D3-BF4B-00C04F79EFBC}") = "UniDaoManager", "src\YDC\Dao\UniDaoManager\UniDaoManager.csproj", "{DBA4A527-52A3-4470-84C1-2EFD867801BE}"
EndProject
Project("{FAE04EC0-301F-11D3-BF4B-00C04F79EFBC}") = "UniDaoMenu", "src\YDC\Dao\UniDaoMenu\UniDaoMenu.csproj", "{E8F281BB-0986-4E10-8360-B584FDD5CEA3}"
EndProject
Project("{FAE04EC0-301F-11D3-BF4B-00C04F79EFBC}") = "UniDaoSite", "src\YDC\Dao\UniDaoSite\UniDaoSite.csproj", "{4EC8B2DF-0873-40D5-AE64-0E6B5A02E996}"
EndProject
Project("{FAE04EC0-301F-11D3-BF4B-00C04F79EFBC}") = "WebChart", "WebChart\WebChart.csproj", "{79C46007-A944-4921-AD0C-E001B77225C5}"
EndProject
Project("{FAE04EC0-301F-11D3-BF4B-00C04F79EFBC}") = "UniDllChart", "src\YDC\Web\UniDllChart\UniDllChart.csproj", "{BD28F80B-E194-4D11-A6E9-3C5CB8C2BD68}"
EndProject
Project("{FAE04EC0-301F-11D3-BF4B-00C04F79EFBC}") = "UniDaoChart", "src\Core\UniDaoChart\UniDaoChart.csproj", "{F667B33F-9C0F-45BE-BFB9-A4E3554F16A9}"
EndProject
Global
	GlobalSection(SolutionConfigurationPlatforms) = preSolution
		Debug|Any CPU = Debug|Any CPU
		Debug|Mixed Platforms = Debug|Mixed Platforms
		Debug|x86 = Debug|x86
		Release|Any CPU = Release|Any CPU
		Release|Mixed Platforms = Release|Mixed Platforms
		Release|x86 = Release|x86
	EndGlobalSection
	GlobalSection(ProjectConfigurationPlatforms) = postSolution
		{73EC10DB-137C-4699-8D54-B979204C70B9}.Debug|Any CPU.ActiveCfg = Debug|Any CPU
		{73EC10DB-137C-4699-8D54-B979204C70B9}.Debug|Any CPU.Build.0 = Debug|Any CPU
		{73EC10DB-137C-4699-8D54-B979204C70B9}.Debug|Mixed Platforms.ActiveCfg = Debug|Any CPU
		{73EC10DB-137C-4699-8D54-B979204C70B9}.Debug|Mixed Platforms.Build.0 = Debug|Any CPU
		{73EC10DB-137C-4699-8D54-B979204C70B9}.Debug|x86.ActiveCfg = Debug|Any CPU
		{73EC10DB-137C-4699-8D54-B979204C70B9}.Release|Any CPU.ActiveCfg = Release|Any CPU
		{73EC10DB-137C-4699-8D54-B979204C70B9}.Release|Any CPU.Build.0 = Release|Any CPU
		{73EC10DB-137C-4699-8D54-B979204C70B9}.Release|Mixed Platforms.ActiveCfg = Release|Any CPU
		{73EC10DB-137C-4699-8D54-B979204C70B9}.Release|Mixed Platforms.Build.0 = Release|Any CPU
		{73EC10DB-137C-4699-8D54-B979204C70B9}.Release|x86.ActiveCfg = Release|Any CPU
		{DE56302C-23D6-4ED5-A7EE-A8E7A0B0F81E}.Debug|Any CPU.ActiveCfg = Debug|Any CPU
		{DE56302C-23D6-4ED5-A7EE-A8E7A0B0F81E}.Debug|Any CPU.Build.0 = Debug|Any CPU
		{DE56302C-23D6-4ED5-A7EE-A8E7A0B0F81E}.Debug|Mixed Platforms.ActiveCfg = Debug|Any CPU
		{DE56302C-23D6-4ED5-A7EE-A8E7A0B0F81E}.Debug|Mixed Platforms.Build.0 = Debug|Any CPU
		{DE56302C-23D6-4ED5-A7EE-A8E7A0B0F81E}.Debug|x86.ActiveCfg = Debug|Any CPU
		{DE56302C-23D6-4ED5-A7EE-A8E7A0B0F81E}.Release|Any CPU.ActiveCfg = Release|Any CPU
		{DE56302C-23D6-4ED5-A7EE-A8E7A0B0F81E}.Release|Any CPU.Build.0 = Release|Any CPU
		{DE56302C-23D6-4ED5-A7EE-A8E7A0B0F81E}.Release|Mixed Platforms.ActiveCfg = Release|Any CPU
		{DE56302C-23D6-4ED5-A7EE-A8E7A0B0F81E}.Release|Mixed Platforms.Build.0 = Release|Any CPU
		{DE56302C-23D6-4ED5-A7EE-A8E7A0B0F81E}.Release|x86.ActiveCfg = Release|Any CPU
		{A478F54C-D0C5-472B-A6D1-F6DF4268B31B}.Debug|Any CPU.ActiveCfg = Debug|Any CPU
		{A478F54C-D0C5-472B-A6D1-F6DF4268B31B}.Debug|Any CPU.Build.0 = Debug|Any CPU
		{A478F54C-D0C5-472B-A6D1-F6DF4268B31B}.Debug|Mixed Platforms.ActiveCfg = Debug|Any CPU
		{A478F54C-D0C5-472B-A6D1-F6DF4268B31B}.Debug|Mixed Platforms.Build.0 = Debug|Any CPU
		{A478F54C-D0C5-472B-A6D1-F6DF4268B31B}.Debug|x86.ActiveCfg = Debug|Any CPU
		{A478F54C-D0C5-472B-A6D1-F6DF4268B31B}.Release|Any CPU.ActiveCfg = Release|Any CPU
		{A478F54C-D0C5-472B-A6D1-F6DF4268B31B}.Release|Any CPU.Build.0 = Release|Any CPU
		{A478F54C-D0C5-472B-A6D1-F6DF4268B31B}.Release|Mixed Platforms.ActiveCfg = Release|Any CPU
		{A478F54C-D0C5-472B-A6D1-F6DF4268B31B}.Release|Mixed Platforms.Build.0 = Release|Any CPU
		{A478F54C-D0C5-472B-A6D1-F6DF4268B31B}.Release|x86.ActiveCfg = Release|Any CPU
		{2F8F24B1-390E-4A68-9E05-959E4F108279}.Debug|Any CPU.ActiveCfg = Debug|Any CPU
		{2F8F24B1-390E-4A68-9E05-959E4F108279}.Debug|Any CPU.Build.0 = Debug|Any CPU
		{2F8F24B1-390E-4A68-9E05-959E4F108279}.Debug|Mixed Platforms.ActiveCfg = Debug|Any CPU
		{2F8F24B1-390E-4A68-9E05-959E4F108279}.Debug|Mixed Platforms.Build.0 = Debug|Any CPU
		{2F8F24B1-390E-4A68-9E05-959E4F108279}.Debug|x86.ActiveCfg = Debug|Any CPU
		{2F8F24B1-390E-4A68-9E05-959E4F108279}.Release|Any CPU.ActiveCfg = Release|Any CPU
		{2F8F24B1-390E-4A68-9E05-959E4F108279}.Release|Any CPU.Build.0 = Release|Any CPU
		{2F8F24B1-390E-4A68-9E05-959E4F108279}.Release|Mixed Platforms.ActiveCfg = Release|Any CPU
		{2F8F24B1-390E-4A68-9E05-959E4F108279}.Release|Mixed Platforms.Build.0 = Release|Any CPU
		{2F8F24B1-390E-4A68-9E05-959E4F108279}.Release|x86.ActiveCfg = Release|Any CPU
		{3FBE5A1C-7DAB-483B-9B94-A8CD209CDEDB}.Debug|Any CPU.ActiveCfg = Debug|Any CPU
		{3FBE5A1C-7DAB-483B-9B94-A8CD209CDEDB}.Debug|Any CPU.Build.0 = Debug|Any CPU
		{3FBE5A1C-7DAB-483B-9B94-A8CD209CDEDB}.Debug|Mixed Platforms.ActiveCfg = Debug|Any CPU
		{3FBE5A1C-7DAB-483B-9B94-A8CD209CDEDB}.Debug|Mixed Platforms.Build.0 = Debug|Any CPU
		{3FBE5A1C-7DAB-483B-9B94-A8CD209CDEDB}.Debug|x86.ActiveCfg = Debug|Any CPU
		{3FBE5A1C-7DAB-483B-9B94-A8CD209CDEDB}.Release|Any CPU.ActiveCfg = Release|Any CPU
		{3FBE5A1C-7DAB-483B-9B94-A8CD209CDEDB}.Release|Any CPU.Build.0 = Release|Any CPU
		{3FBE5A1C-7DAB-483B-9B94-A8CD209CDEDB}.Release|Mixed Platforms.ActiveCfg = Release|Any CPU
		{3FBE5A1C-7DAB-483B-9B94-A8CD209CDEDB}.Release|Mixed Platforms.Build.0 = Release|Any CPU
		{3FBE5A1C-7DAB-483B-9B94-A8CD209CDEDB}.Release|x86.ActiveCfg = Release|Any CPU
		{FBB35B50-EA9C-4CA6-A4C3-BA11019DB51D}.Debug|Any CPU.ActiveCfg = Debug|Any CPU
		{FBB35B50-EA9C-4CA6-A4C3-BA11019DB51D}.Debug|Any CPU.Build.0 = Debug|Any CPU
		{FBB35B50-EA9C-4CA6-A4C3-BA11019DB51D}.Debug|Mixed Platforms.ActiveCfg = Debug|Any CPU
		{FBB35B50-EA9C-4CA6-A4C3-BA11019DB51D}.Debug|Mixed Platforms.Build.0 = Debug|Any CPU
		{FBB35B50-EA9C-4CA6-A4C3-BA11019DB51D}.Debug|x86.ActiveCfg = Debug|Any CPU
		{FBB35B50-EA9C-4CA6-A4C3-BA11019DB51D}.Release|Any CPU.ActiveCfg = Release|Any CPU
		{FBB35B50-EA9C-4CA6-A4C3-BA11019DB51D}.Release|Any CPU.Build.0 = Release|Any CPU
		{FBB35B50-EA9C-4CA6-A4C3-BA11019DB51D}.Release|Mixed Platforms.ActiveCfg = Release|Any CPU
		{FBB35B50-EA9C-4CA6-A4C3-BA11019DB51D}.Release|Mixed Platforms.Build.0 = Release|Any CPU
		{FBB35B50-EA9C-4CA6-A4C3-BA11019DB51D}.Release|x86.ActiveCfg = Release|Any CPU
		{5E9B2E18-DD9C-49B1-8FFC-D5A6A81140B1}.Debug|Any CPU.ActiveCfg = Debug|Any CPU
		{5E9B2E18-DD9C-49B1-8FFC-D5A6A81140B1}.Debug|Any CPU.Build.0 = Debug|Any CPU
		{5E9B2E18-DD9C-49B1-8FFC-D5A6A81140B1}.Debug|Mixed Platforms.ActiveCfg = Debug|Any CPU
		{5E9B2E18-DD9C-49B1-8FFC-D5A6A81140B1}.Debug|Mixed Platforms.Build.0 = Debug|Any CPU
		{5E9B2E18-DD9C-49B1-8FFC-D5A6A81140B1}.Debug|x86.ActiveCfg = Debug|Any CPU
		{5E9B2E18-DD9C-49B1-8FFC-D5A6A81140B1}.Release|Any CPU.ActiveCfg = Release|Any CPU
		{5E9B2E18-DD9C-49B1-8FFC-D5A6A81140B1}.Release|Any CPU.Build.0 = Release|Any CPU
		{5E9B2E18-DD9C-49B1-8FFC-D5A6A81140B1}.Release|Mixed Platforms.ActiveCfg = Release|Any CPU
		{5E9B2E18-DD9C-49B1-8FFC-D5A6A81140B1}.Release|Mixed Platforms.Build.0 = Release|Any CPU
		{5E9B2E18-DD9C-49B1-8FFC-D5A6A81140B1}.Release|x86.ActiveCfg = Release|Any CPU
		{6EFD7D0A-8FFC-4FA9-B433-EF1AD544CFB3}.Debug|Any CPU.ActiveCfg = Debug|Any CPU
		{6EFD7D0A-8FFC-4FA9-B433-EF1AD544CFB3}.Debug|Any CPU.Build.0 = Debug|Any CPU
		{6EFD7D0A-8FFC-4FA9-B433-EF1AD544CFB3}.Debug|Mixed Platforms.ActiveCfg = Debug|Any CPU
		{6EFD7D0A-8FFC-4FA9-B433-EF1AD544CFB3}.Debug|Mixed Platforms.Build.0 = Debug|Any CPU
		{6EFD7D0A-8FFC-4FA9-B433-EF1AD544CFB3}.Debug|x86.ActiveCfg = Debug|Any CPU
		{6EFD7D0A-8FFC-4FA9-B433-EF1AD544CFB3}.Release|Any CPU.ActiveCfg = Release|Any CPU
		{6EFD7D0A-8FFC-4FA9-B433-EF1AD544CFB3}.Release|Any CPU.Build.0 = Release|Any CPU
		{6EFD7D0A-8FFC-4FA9-B433-EF1AD544CFB3}.Release|Mixed Platforms.ActiveCfg = Release|Any CPU
		{6EFD7D0A-8FFC-4FA9-B433-EF1AD544CFB3}.Release|Mixed Platforms.Build.0 = Release|Any CPU
		{6EFD7D0A-8FFC-4FA9-B433-EF1AD544CFB3}.Release|x86.ActiveCfg = Release|Any CPU
		{7B8E650D-9ADE-4406-BCC3-206771B63408}.Debug|Any CPU.ActiveCfg = Debug|Any CPU
		{7B8E650D-9ADE-4406-BCC3-206771B63408}.Debug|Any CPU.Build.0 = Debug|Any CPU
		{7B8E650D-9ADE-4406-BCC3-206771B63408}.Debug|Mixed Platforms.ActiveCfg = Debug|Any CPU
		{7B8E650D-9ADE-4406-BCC3-206771B63408}.Debug|Mixed Platforms.Build.0 = Debug|Any CPU
		{7B8E650D-9ADE-4406-BCC3-206771B63408}.Debug|x86.ActiveCfg = Debug|Any CPU
		{7B8E650D-9ADE-4406-BCC3-206771B63408}.Release|Any CPU.ActiveCfg = Release|Any CPU
		{7B8E650D-9ADE-4406-BCC3-206771B63408}.Release|Any CPU.Build.0 = Release|Any CPU
		{7B8E650D-9ADE-4406-BCC3-206771B63408}.Release|Mixed Platforms.ActiveCfg = Release|Any CPU
		{7B8E650D-9ADE-4406-BCC3-206771B63408}.Release|Mixed Platforms.Build.0 = Release|Any CPU
		{7B8E650D-9ADE-4406-BCC3-206771B63408}.Release|x86.ActiveCfg = Release|Any CPU
		{DBA4A527-52A3-4470-84C1-2EFD867801BE}.Debug|Any CPU.ActiveCfg = Debug|Any CPU
		{DBA4A527-52A3-4470-84C1-2EFD867801BE}.Debug|Any CPU.Build.0 = Debug|Any CPU
		{DBA4A527-52A3-4470-84C1-2EFD867801BE}.Debug|Mixed Platforms.ActiveCfg = Debug|Any CPU
		{DBA4A527-52A3-4470-84C1-2EFD867801BE}.Debug|Mixed Platforms.Build.0 = Debug|Any CPU
		{DBA4A527-52A3-4470-84C1-2EFD867801BE}.Debug|x86.ActiveCfg = Debug|Any CPU
		{DBA4A527-52A3-4470-84C1-2EFD867801BE}.Release|Any CPU.ActiveCfg = Release|Any CPU
		{DBA4A527-52A3-4470-84C1-2EFD867801BE}.Release|Any CPU.Build.0 = Release|Any CPU
		{DBA4A527-52A3-4470-84C1-2EFD867801BE}.Release|Mixed Platforms.ActiveCfg = Release|Any CPU
		{DBA4A527-52A3-4470-84C1-2EFD867801BE}.Release|Mixed Platforms.Build.0 = Release|Any CPU
		{DBA4A527-52A3-4470-84C1-2EFD867801BE}.Release|x86.ActiveCfg = Release|Any CPU
		{E8F281BB-0986-4E10-8360-B584FDD5CEA3}.Debug|Any CPU.ActiveCfg = Debug|Any CPU
		{E8F281BB-0986-4E10-8360-B584FDD5CEA3}.Debug|Any CPU.Build.0 = Debug|Any CPU
		{E8F281BB-0986-4E10-8360-B584FDD5CEA3}.Debug|Mixed Platforms.ActiveCfg = Debug|Any CPU
		{E8F281BB-0986-4E10-8360-B584FDD5CEA3}.Debug|Mixed Platforms.Build.0 = Debug|Any CPU
		{E8F281BB-0986-4E10-8360-B584FDD5CEA3}.Debug|x86.ActiveCfg = Debug|Any CPU
		{E8F281BB-0986-4E10-8360-B584FDD5CEA3}.Release|Any CPU.ActiveCfg = Release|Any CPU
		{E8F281BB-0986-4E10-8360-B584FDD5CEA3}.Release|Any CPU.Build.0 = Release|Any CPU
		{E8F281BB-0986-4E10-8360-B584FDD5CEA3}.Release|Mixed Platforms.ActiveCfg = Release|Any CPU
		{E8F281BB-0986-4E10-8360-B584FDD5CEA3}.Release|Mixed Platforms.Build.0 = Release|Any CPU
		{E8F281BB-0986-4E10-8360-B584FDD5CEA3}.Release|x86.ActiveCfg = Release|Any CPU
		{4EC8B2DF-0873-40D5-AE64-0E6B5A02E996}.Debug|Any CPU.ActiveCfg = Debug|Any CPU
		{4EC8B2DF-0873-40D5-AE64-0E6B5A02E996}.Debug|Any CPU.Build.0 = Debug|Any CPU
		{4EC8B2DF-0873-40D5-AE64-0E6B5A02E996}.Debug|Mixed Platforms.ActiveCfg = Debug|Any CPU
		{4EC8B2DF-0873-40D5-AE64-0E6B5A02E996}.Debug|Mixed Platforms.Build.0 = Debug|Any CPU
		{4EC8B2DF-0873-40D5-AE64-0E6B5A02E996}.Debug|x86.ActiveCfg = Debug|Any CPU
		{4EC8B2DF-0873-40D5-AE64-0E6B5A02E996}.Release|Any CPU.ActiveCfg = Release|Any CPU
		{4EC8B2DF-0873-40D5-AE64-0E6B5A02E996}.Release|Any CPU.Build.0 = Release|Any CPU
		{4EC8B2DF-0873-40D5-AE64-0E6B5A02E996}.Release|Mixed Platforms.ActiveCfg = Release|Any CPU
		{4EC8B2DF-0873-40D5-AE64-0E6B5A02E996}.Release|Mixed Platforms.Build.0 = Release|Any CPU
		{4EC8B2DF-0873-40D5-AE64-0E6B5A02E996}.Release|x86.ActiveCfg = Release|Any CPU
		{79C46007-A944-4921-AD0C-E001B77225C5}.Debug|Any CPU.ActiveCfg = Debug|Any CPU
		{79C46007-A944-4921-AD0C-E001B77225C5}.Debug|Any CPU.Build.0 = Debug|Any CPU
		{79C46007-A944-4921-AD0C-E001B77225C5}.Debug|Mixed Platforms.ActiveCfg = Debug|Any CPU
		{79C46007-A944-4921-AD0C-E001B77225C5}.Debug|Mixed Platforms.Build.0 = Debug|Any CPU
		{79C46007-A944-4921-AD0C-E001B77225C5}.Debug|x86.ActiveCfg = Debug|Any CPU
		{79C46007-A944-4921-AD0C-E001B77225C5}.Release|Any CPU.ActiveCfg = Release|Any CPU
		{79C46007-A944-4921-AD0C-E001B77225C5}.Release|Any CPU.Build.0 = Release|Any CPU
		{79C46007-A944-4921-AD0C-E001B77225C5}.Release|Mixed Platforms.ActiveCfg = Release|Any CPU
		{79C46007-A944-4921-AD0C-E001B77225C5}.Release|Mixed Platforms.Build.0 = Release|Any CPU
		{79C46007-A944-4921-AD0C-E001B77225C5}.Release|x86.ActiveCfg = Release|Any CPU
		{BD28F80B-E194-4D11-A6E9-3C5CB8C2BD68}.Debug|Any CPU.ActiveCfg = Debug|Any CPU
		{BD28F80B-E194-4D11-A6E9-3C5CB8C2BD68}.Debug|Any CPU.Build.0 = Debug|Any CPU
		{BD28F80B-E194-4D11-A6E9-3C5CB8C2BD68}.Debug|Mixed Platforms.ActiveCfg = Debug|Any CPU
		{BD28F80B-E194-4D11-A6E9-3C5CB8C2BD68}.Debug|Mixed Platforms.Build.0 = Debug|Any CPU
		{BD28F80B-E194-4D11-A6E9-3C5CB8C2BD68}.Debug|x86.ActiveCfg = Debug|Any CPU
		{BD28F80B-E194-4D11-A6E9-3C5CB8C2BD68}.Release|Any CPU.ActiveCfg = Release|Any CPU
		{BD28F80B-E194-4D11-A6E9-3C5CB8C2BD68}.Release|Any CPU.Build.0 = Release|Any CPU
		{BD28F80B-E194-4D11-A6E9-3C5CB8C2BD68}.Release|Mixed Platforms.ActiveCfg = Release|Any CPU
		{BD28F80B-E194-4D11-A6E9-3C5CB8C2BD68}.Release|Mixed Platforms.Build.0 = Release|Any CPU
		{BD28F80B-E194-4D11-A6E9-3C5CB8C2BD68}.Release|x86.ActiveCfg = Release|Any CPU
		{F667B33F-9C0F-45BE-BFB9-A4E3554F16A9}.Debug|Any CPU.ActiveCfg = Debug|Any CPU
		{F667B33F-9C0F-45BE-BFB9-A4E3554F16A9}.Debug|Any CPU.Build.0 = Debug|Any CPU
		{F667B33F-9C0F-45BE-BFB9-A4E3554F16A9}.Debug|Mixed Platforms.ActiveCfg = Debug|Any CPU
		{F667B33F-9C0F-45BE-BFB9-A4E3554F16A9}.Debug|Mixed Platforms.Build.0 = Debug|Any CPU
		{F667B33F-9C0F-45BE-BFB9-A4E3554F16A9}.Debug|x86.ActiveCfg = Debug|Any CPU
		{F667B33F-9C0F-45BE-BFB9-A4E3554F16A9}.Release|Any CPU.ActiveCfg = Release|Any CPU
		{F667B33F-9C0F-45BE-BFB9-A4E3554F16A9}.Release|Any CPU.Build.0 = Release|Any CPU
		{F667B33F-9C0F-45BE-BFB9-A4E3554F16A9}.Release|Mixed Platforms.ActiveCfg = Release|Any CPU
		{F667B33F-9C0F-45BE-BFB9-A4E3554F16A9}.Release|Mixed Platforms.Build.0 = Release|Any CPU
		{F667B33F-9C0F-45BE-BFB9-A4E3554F16A9}.Release|x86.ActiveCfg = Release|Any CPU
	EndGlobalSection
	GlobalSection(SolutionProperties) = preSolution
		HideSolutionNode = FALSE
	EndGlobalSection
	GlobalSection(NestedProjects) = preSolution
		{DE56302C-23D6-4ED5-A7EE-A8E7A0B0F81E} = {CE5F9511-0CF9-4CED-85D8-998220965F3B}
		{A478F54C-D0C5-472B-A6D1-F6DF4268B31B} = {CE5F9511-0CF9-4CED-85D8-998220965F3B}
		{7B8E650D-9ADE-4406-BCC3-206771B63408} = {CE5F9511-0CF9-4CED-85D8-998220965F3B}
		{71DF7C53-3EE3-4FEA-9F96-E2511C1CB7DC} = {2D996C0D-370B-47AC-8BE2-22F9BEDC52AB}
		{0C786AEF-2C18-4FFC-B976-D972E9DA75EA} = {2D996C0D-370B-47AC-8BE2-22F9BEDC52AB}
		{2F8F24B1-390E-4A68-9E05-959E4F108279} = {71DF7C53-3EE3-4FEA-9F96-E2511C1CB7DC}
		{3FBE5A1C-7DAB-483B-9B94-A8CD209CDEDB} = {71DF7C53-3EE3-4FEA-9F96-E2511C1CB7DC}
		{6EFD7D0A-8FFC-4FA9-B433-EF1AD544CFB3} = {71DF7C53-3EE3-4FEA-9F96-E2511C1CB7DC}
		{BD28F80B-E194-4D11-A6E9-3C5CB8C2BD68} = {71DF7C53-3EE3-4FEA-9F96-E2511C1CB7DC}
		{DBA4A527-52A3-4470-84C1-2EFD867801BE} = {0C786AEF-2C18-4FFC-B976-D972E9DA75EA}
		{E8F281BB-0986-4E10-8360-B584FDD5CEA3} = {0C786AEF-2C18-4FFC-B976-D972E9DA75EA}
		{4EC8B2DF-0873-40D5-AE64-0E6B5A02E996} = {0C786AEF-2C18-4FFC-B976-D972E9DA75EA}
		{F667B33F-9C0F-45BE-BFB9-A4E3554F16A9} = {0C786AEF-2C18-4FFC-B976-D972E9DA75EA}
	EndGlobalSection
EndGlobal
